
Microsoft Visual Studio Solution File, Format Version 12.00
# Visual Studio Version 17
VisualStudioVersion = 17.13.35818.85 d17.13
MinimumVisualStudioVersion = 10.0.40219.1
Project("{FAE04EC0-301F-11D3-BF4B-00C04F79EFBC}") = "Modul6_103022300136", "Modul6_103022300136.csproj", "{C82A02AB-3DCD-41F9-9D27-20D01B6E9BEE}"
EndProject
Global
	GlobalSection(SolutionConfigurationPlatforms) = preSolution
		Debug|Any CPU = Debug|Any CPU
		Release|Any CPU = Release|Any CPU
	EndGlobalSection
	GlobalSection(ProjectConfigurationPlatforms) = postSolution
		{C82A02AB-3DCD-41F9-9D27-20D01B6E9BEE}.Debug|Any CPU.ActiveCfg = Debug|Any CPU
		{C82A02AB-3DCD-41F9-9D27-20D01B6E9BEE}.Debug|Any CPU.Build.0 = Debug|Any CPU
		{C82A02AB-3DCD-41F9-9D27-20D01B6E9BEE}.Release|Any CPU.ActiveCfg = Release|Any CPU
		{C82A02AB-3DCD-41F9-9D27-20D01B6E9BEE}.Release|Any CPU.Build.0 = Release|Any CPU
	EndGlobalSection
	GlobalSection(SolutionProperties) = preSolution
		HideSolutionNode = FALSE
	EndGlobalSection
	GlobalSection(ExtensibilityGlobals) = postSolution
		SolutionGuid = {491062D6-0A97-4045-99C4-134F45050B21}
	EndGlobalSection
EndGlobal
